PODS:
  - AppAuth (0.95.0)
  - GoogleAPIClientForREST/Core (1.2.1):
    - GTMSessionFetcher (>= 1.1.7)
  - GoogleAPIClientForREST/Sheets (1.2.1):
    - GoogleAPIClientForREST/Core
    - GTMSessionFetcher (>= 1.1.7)
  - GoogleSignIn (4.4.0):
    - "GoogleToolboxForMac/NSDictionary+URLArguments (~> 2.1)"
    - "GoogleToolboxForMac/NSString+URLArguments (~> 2.1)"
    - GTMSessionFetcher/Core (~> 1.1)
  - GoogleToolboxForMac/DebugUtils (2.2.0):
    - GoogleToolboxForMac/Defines (= 2.2.0)
  - GoogleToolboxForMac/Defines (2.2.0)
  - "GoogleToolboxForMac/NSDictionary+URLArguments (2.2.0)":
    - GoogleToolboxForMac/DebugUtils (= 2.2.0)
    - GoogleToolboxForMac/Defines (= 2.2.0)
    - "GoogleToolboxForMac/NSString+URLArguments (= 2.2.0)"
  - "GoogleToolboxForMac/NSString+URLArguments (2.2.0)"
  - GTMAppAuth (0.7.1):
    - AppAuth (~> 0.95)
    - GTMSessionFetcher (~> 1.1)
  - GTMSessionFetcher (1.2.1):
    - GTMSessionFetcher/Full (= 1.2.1)
  - GTMSessionFetcher/Core (1.2.1)
  - GTMSessionFetcher/Full (1.2.1):
    - GTMSessionFetcher/Core (= 1.2.1)

DEPENDENCIES:
  - GoogleAPIClientForREST/Sheets
  - GoogleSignIn (~> 4.4.0)
  - GTMAppAuth

SPEC REPOS:
  https://github.com/cocoapods/specs.git:
    - AppAuth
    - GoogleAPIClientForREST
    - GoogleSignIn
    - GoogleToolboxForMac
    - GTMAppAuth
    - GTMSessionFetcher

SPEC CHECKSUMS:
  AppAuth: 137f6bb6fc9dfbaf2cf9f6fcff1d336ff0163bc6
  GoogleAPIClientForREST: a8b95a252014ce2e618df6b75dc72eca2c00b4af
  GoogleSignIn: 7ff245e1a7b26d379099d3243a562f5747e23d39
  GoogleToolboxForMac: ff31605b7d66400dcec09bed5861689aebadda4d
  GTMAppAuth: c5e41aaf039ac1ccc41543e6ea2ef7abd255ad41
  GTMSessionFetcher: 32aeca0aa144acea523e1c8e053089dec2cb98ca

PODFILE CHECKSUM: fcb076933cc7194e7fa76205a2ec643a146c8ba5

COCOAPODS: 1.5.3
